
Microsoft Visual Studio Solution File, Format Version 12.00
# Visual Studio Version 17
VisualStudioVersion = 17.8.34330.188
MinimumVisualStudioVersion = 10.0.40219.1
Project("{FAE04EC0-301F-11D3-BF4B-00C04F79EFBC}") = "Memories", "Memories\Memories.csproj", "{90949D31-5BC9-4E18-B4A3-6EE93E9D31EF}"
EndProject
Global
	GlobalSection(SolutionConfigurationPlatforms) = preSolution
		Debug|Any CPU = Debug|Any CPU
		Release|Any CPU = Release|Any CPU
	EndGlobalSection
	GlobalSection(ProjectConfigurationPlatforms) = postSolution
		{90949D31-5BC9-4E18-B4A3-6EE93E9D31EF}.Debug|Any CPU.ActiveCfg = Debug|Any CPU
		{90949D31-5BC9-4E18-B4A3-6EE93E9D31EF}.Debug|Any CPU.Build.0 = Debug|Any CPU
		{90949D31-5BC9-4E18-B4A3-6EE93E9D31EF}.Release|Any CPU.ActiveCfg = Release|Any CPU
		{90949D31-5BC9-4E18-B4A3-6EE93E9D31EF}.Release|Any CPU.Build.0 = Release|Any CPU
	EndGlobalSection
	GlobalSection(SolutionProperties) = preSolution
		HideSolutionNode = FALSE
	EndGlobalSection
	GlobalSection(ExtensibilityGlobals) = postSolution
		SolutionGuid = {7BBA2F17-5E71-44DE-83F8-31A3B9F7D699}
	EndGlobalSection
EndGlobal
