
Microsoft Visual Studio Solution File, Format Version 12.00
# Visual Studio Version 17
VisualStudioVersion = 17.8.34330.188
MinimumVisualStudioVersion = 10.0.40219.1
Project("{FAE04EC0-301F-11D3-BF4B-00C04F79EFBC}") = "Memories", "Memories\Memories.csproj", "{3944F62E-8C7C-4C4F-BC1B-137988DEA33C}"
EndProject
Global
	GlobalSection(SolutionConfigurationPlatforms) = preSolution
		Debug|Any CPU = Debug|Any CPU
		Release|Any CPU = Release|Any CPU
	EndGlobalSection
	GlobalSection(ProjectConfigurationPlatforms) = postSolution
		{3944F62E-8C7C-4C4F-BC1B-137988DEA33C}.Debug|Any CPU.ActiveCfg = Debug|Any CPU
		{3944F62E-8C7C-4C4F-BC1B-137988DEA33C}.Debug|Any CPU.Build.0 = Debug|Any CPU
		{3944F62E-8C7C-4C4F-BC1B-137988DEA33C}.Release|Any CPU.ActiveCfg = Release|Any CPU
		{3944F62E-8C7C-4C4F-BC1B-137988DEA33C}.Release|Any CPU.Build.0 = Release|Any CPU
	EndGlobalSection
	GlobalSection(SolutionProperties) = preSolution
		HideSolutionNode = FALSE
	EndGlobalSection
	GlobalSection(ExtensibilityGlobals) = postSolution
		SolutionGuid = {9F834929-2DDF-4C43-8027-CDFF667F0100}
	EndGlobalSection
EndGlobal
